// !$*UTF8*$!
{
	archiveVersion = 1;
	classes = {
	};
	objectVersion = 55;
	objects = {

/* Begin PBXBuildFile section */
		76C4527A291E44C70009431E /* ContentView.swift in Sources */ = {isa = PBXBuildFile; fileRef = 76C45279291E44C70009431E /* ContentView.swift */; };
		76C4527C291E44C80009431E /* Assets.xcassets in Resources */ = {isa = PBXBuildFile; fileRef = 76C4527B291E44C80009431E /* Assets.xcassets */; };
		76C4527F291E44C80009431E /* Preview Assets.xcassets in Resources */ = {isa = PBXBuildFile; fileRef = 76C4527E291E44C80009431E /* Preview Assets.xcassets */; };
		76C45289291E44C80009431E /* InRoomLogAppTests.swift in Sources */ = {isa = PBXBuildFile; fileRef = 76C45288291E44C80009431E /* InRoomLogAppTests.swift */; };
		76C45293291E44C80009431E /* InRoomLogAppUITests.swift in Sources */ = {isa = PBXBuildFile; fileRef = 76C45292291E44C80009431E /* InRoomLogAppUITests.swift */; };
		76C45295291E44C80009431E /* InRoomLogAppUITestsLaunchTests.swift in Sources */ = {isa = PBXBuildFile; fileRef = 76C45294291E44C80009431E /* InRoomLogAppUITestsLaunchTests.swift */; };
		76C452A2291E45140009431E /* InRoomLogApp.swift in Sources */ = {isa = PBXBuildFile; fileRef = 76C452A1291E45140009431E /* InRoomLogApp.swift */; };
		76C452A5291E45320009431E /* InRoomLogger in Frameworks */ = {isa = PBXBuildFile; productRef = 76C452A4291E45320009431E /* InRoomLogger */; };
/* End PBXBuildFile section */

/* Begin PBXContainerItemProxy section */
		76C45285291E44C80009431E /* PBXContainerItemProxy */ = {
			isa = PBXContainerItemProxy;
			containerPortal = 76C4526C291E44C70009431E /* Project object */;
			proxyType = 1;
			remoteGlobalIDString = 76C45273291E44C70009431E;
			remoteInfo = InRoomLogApp;
		};
		76C4528F291E44C80009431E /* PBXContainerItemProxy */ = {
			isa = PBXContainerItemProxy;
			containerPortal = 76C4526C291E44C70009431E /* Project object */;
			proxyType = 1;
			remoteGlobalIDString = 76C45273291E44C70009431E;
			remoteInfo = InRoomLogApp;
		};
/* End PBXContainerItemProxy section */

/* Begin PBXFileReference section */
		76C45274291E44C70009431E /* InRoomLogApp.app */ = {isa = PBXFileReference; explicitFileType = wrapper.application; includeInIndex = 0; path = InRoomLogApp.app; sourceTree = BUILT_PRODUCTS_DIR; };
		76C45279291E44C70009431E /* ContentView.swift */ = {isa = PBXFileReference; lastKnownFileType = sourcecode.swift; path = ContentView.swift; sourceTree = "<group>"; };
		76C4527B291E44C80009431E /* Assets.xcassets */ = {isa = PBXFileReference; lastKnownFileType = folder.assetcatalog; path = Assets.xcassets; sourceTree = "<group>"; };
		76C4527E291E44C80009431E /* Preview Assets.xcassets */ = {isa = PBXFileReference; lastKnownFileType = folder.assetcatalog; path = "Preview Assets.xcassets"; sourceTree = "<group>"; };
		76C45284291E44C80009431E /* InRoomLogAppTests.xctest */ = {isa = PBXFileReference; explicitFileType = wrapper.cfbundle; includeInIndex = 0; path = InRoomLogAppTests.xctest; sourceTree = BUILT_PRODUCTS_DIR; };
		76C45288291E44C80009431E /* InRoomLogAppTests.swift */ = {isa = PBXFileReference; lastKnownFileType = sourcecode.swift; path = InRoomLogAppTests.swift; sourceTree = "<group>"; };
		76C4528E291E44C80009431E /* InRoomLogAppUITests.xctest */ = {isa = PBXFileReference; explicitFileType = wrapper.cfbundle; includeInIndex = 0; path = InRoomLogAppUITests.xctest; sourceTree = BUILT_PRODUCTS_DIR; };
		76C45292291E44C80009431E /* InRoomLogAppUITests.swift */ = {isa = PBXFileReference; lastKnownFileType = sourcecode.swift; path = InRoomLogAppUITests.swift; sourceTree = "<group>"; };
		76C45294291E44C80009431E /* InRoomLogAppUITestsLaunchTests.swift */ = {isa = PBXFileReference; lastKnownFileType = sourcecode.swift; path = InRoomLogAppUITestsLaunchTests.swift; sourceTree = "<group>"; };
		76C452A1291E45140009431E /* InRoomLogApp.swift */ = {isa = PBXFileReference; fileEncoding = 4; lastKnownFileType = sourcecode.swift; path = InRoomLogApp.swift; sourceTree = "<group>"; };
/* End PBXFileReference section */

/* Begin PBXFrameworksBuildPhase section */
		76C45271291E44C70009431E /* Frameworks */ = {
			isa = PBXFrameworksBuildPhase;
			buildActionMask = 2147483647;
			files = (
				76C452A5291E45320009431E /* InRoomLogger in Frameworks */,
			);
			runOnlyForDeploymentPostprocessing = 0;
		};
		76C45281291E44C80009431E /* Frameworks */ = {
			isa = PBXFrameworksBuildPhase;
			buildActionMask = 2147483647;
			files = (
			);
			runOnlyForDeploymentPostprocessing = 0;
		};
		76C4528B291E44C80009431E /* Frameworks */ = {
			isa = PBXFrameworksBuildPhase;
			buildActionMask = 2147483647;
			files = (
			);
			runOnlyForDeploymentPostprocessing = 0;
		};
/* End PBXFrameworksBuildPhase section */

/* Begin PBXGroup section */
		76C4526B291E44C70009431E = {
			isa = PBXGroup;
			children = (
				76C45276291E44C70009431E /* InRoomLogApp */,
				76C45287291E44C80009431E /* InRoomLogAppTests */,
				76C45291291E44C80009431E /* InRoomLogAppUITests */,
				76C45275291E44C70009431E /* Products */,
			);
			sourceTree = "<group>";
		};
		76C45275291E44C70009431E /* Products */ = {
			isa = PBXGroup;
			children = (
				76C45274291E44C70009431E /* InRoomLogApp.app */,
				76C45284291E44C80009431E /* InRoomLogAppTests.xctest */,
				76C4528E291E44C80009431E /* InRoomLogAppUITests.xctest */,
			);
			name = Products;
			sourceTree = "<group>";
		};
		76C45276291E44C70009431E /* InRoomLogApp */ = {
			isa = PBXGroup;
			children = (
				76C452A1291E45140009431E /* InRoomLogApp.swift */,
				76C45279291E44C70009431E /* ContentView.swift */,
				76C4527B291E44C80009431E /* Assets.xcassets */,
				76C4527D291E44C80009431E /* Preview Content */,
			);
			path = InRoomLogApp;
			sourceTree = "<group>";
		};
		76C4527D291E44C80009431E /* Preview Content */ = {
			isa = PBXGroup;
			children = (
				76C4527E291E44C80009431E /* Preview Assets.xcassets */,
			);
			path = "Preview Content";
			sourceTree = "<group>";
		};
		76C45287291E44C80009431E /* InRoomLogAppTests */ = {
			isa = PBXGroup;
			children = (
				76C45288291E44C80009431E /* InRoomLogAppTests.swift */,
			);
			path = InRoomLogAppTests;
			sourceTree = "<group>";
		};
		76C45291291E44C80009431E /* InRoomLogAppUITests */ = {
			isa = PBXGroup;
			children = (
				76C45292291E44C80009431E /* InRoomLogAppUITests.swift */,
				76C45294291E44C80009431E /* InRoomLogAppUITestsLaunchTests.swift */,
			);
			path = InRoomLogAppUITests;
			sourceTree = "<group>";
		};
/* End PBXGroup section */

/* Begin PBXNativeTarget section */
		76C45273291E44C70009431E /* InRoomLogApp */ = {
			isa = PBXNativeTarget;
			buildConfigurationList = 76C45298291E44C80009431E /* Build configuration list for PBXNativeTarget "InRoomLogApp" */;
			buildPhases = (
				76C45270291E44C70009431E /* Sources */,
				76C45271291E44C70009431E /* Frameworks */,
				76C45272291E44C70009431E /* Resources */,
			);
			buildRules = (
			);
			dependencies = (
			);
			name = InRoomLogApp;
			packageProductDependencies = (
				76C452A4291E45320009431E /* InRoomLogger */,
			);
			productName = InRoomLogApp;
			productReference = 76C45274291E44C70009431E /* InRoomLogApp.app */;
			productType = "com.apple.product-type.application";
		};
		76C45283291E44C80009431E /* InRoomLogAppTests */ = {
			isa = PBXNativeTarget;
			buildConfigurationList = 76C4529B291E44C80009431E /* Build configuration list for PBXNativeTarget "InRoomLogAppTests" */;
			buildPhases = (
				76C45280291E44C80009431E /* Sources */,
				76C45281291E44C80009431E /* Frameworks */,
				76C45282291E44C80009431E /* Resources */,
			);
			buildRules = (
			);
			dependencies = (
				76C45286291E44C80009431E /* PBXTargetDependency */,
			);
			name = InRoomLogAppTests;
			productName = InRoomLogAppTests;
			productReference = 76C45284291E44C80009431E /* InRoomLogAppTests.xctest */;
			productType = "com.apple.product-type.bundle.unit-test";
		};
		76C4528D291E44C80009431E /* InRoomLogAppUITests */ = {
			isa = PBXNativeTarget;
			buildConfigurationList = 76C4529E291E44C80009431E /* Build configuration list for PBXNativeTarget "InRoomLogAppUITests" */;
			buildPhases = (
				76C4528A291E44C80009431E /* Sources */,
				76C4528B291E44C80009431E /* Frameworks */,
				76C4528C291E44C80009431E /* Resources */,
			);
			buildRules = (
			);
			dependencies = (
				76C45290291E44C80009431E /* PBXTargetDependency */,
			);
			name = InRoomLogAppUITests;
			productName = InRoomLogAppUITests;
			productReference = 76C4528E291E44C80009431E /* InRoomLogAppUITests.xctest */;
			productType = "com.apple.product-type.bundle.ui-testing";
		};
/* End PBXNativeTarget section */

/* Begin PBXProject section */
		76C4526C291E44C70009431E /* Project object */ = {
			isa = PBXProject;
			attributes = {
				BuildIndependentTargetsInParallel = 1;
				LastSwiftUpdateCheck = 1340;
				LastUpgradeCheck = 1340;
				TargetAttributes = {
					76C45273291E44C70009431E = {
						CreatedOnToolsVersion = 13.4.1;
					};
					76C45283291E44C80009431E = {
						CreatedOnToolsVersion = 13.4.1;
						TestTargetID = 76C45273291E44C70009431E;
					};
					76C4528D291E44C80009431E = {
						CreatedOnToolsVersion = 13.4.1;
						TestTargetID = 76C45273291E44C70009431E;
					};
				};
			};
			buildConfigurationList = 76C4526F291E44C70009431E /* Build configuration list for PBXProject "InRoomLogApp" */;
			compatibilityVersion = "Xcode 13.0";
			developmentRegion = en;
			hasScannedForEncodings = 0;
			knownRegions = (
				en,
				Base,
			);
			mainGroup = 76C4526B291E44C70009431E;
			packageReferences = (
				76C452A3291E45320009431E /* XCRemoteSwiftPackageReference "InRoomLogger" */,
			);
			productRefGroup = 76C45275291E44C70009431E /* Products */;
			projectDirPath = "";
			projectRoot = "";
			targets = (
				76C45273291E44C70009431E /* InRoomLogApp */,
				76C45283291E44C80009431E /* InRoomLogAppTests */,
				76C4528D291E44C80009431E /* InRoomLogAppUITests */,
			);
		};
/* End PBXProject section */

/* Begin PBXResourcesBuildPhase section */
		76C45272291E44C70009431E /* Resources */ = {
			isa = PBXResourcesBuildPhase;
			buildActionMask = 2147483647;
			files = (
				76C4527F291E44C80009431E /* Preview Assets.xcassets in Resources */,
				76C4527C291E44C80009431E /* Assets.xcassets in Resources */,
			);
			runOnlyForDeploymentPostprocessing = 0;
		};
		76C45282291E44C80009431E /* Resources */ = {
			isa = PBXResourcesBuildPhase;
			buildActionMask = 2147483647;
			files = (
			);
			runOnlyForDeploymentPostprocessing = 0;
		};
		76C4528C291E44C80009431E /* Resources */ = {
			isa = PBXResourcesBuildPhase;
			buildActionMask = 2147483647;
			files = (
			);
			runOnlyForDeploymentPostprocessing = 0;
		};
/* End PBXResourcesBuildPhase section */

/* Begin PBXSourcesBuildPhase section */
		76C45270291E44C70009431E /* Sources */ = {
			isa = PBXSourcesBuildPhase;
			buildActionMask = 2147483647;
			files = (
				76C452A2291E45140009431E /* InRoomLogApp.swift in Sources */,
				76C4527A291E44C70009431E /* ContentView.swift in Sources */,
			);
			runOnlyForDeploymentPostprocessing = 0;
		};
		76C45280291E44C80009431E /* Sources */ = {
			isa = PBXSourcesBuildPhase;
			buildActionMask = 2147483647;
			files = (
				76C45289291E44C80009431E /* InRoomLogAppTests.swift in Sources */,
			);
			runOnlyForDeploymentPostprocessing = 0;
		};
		76C4528A291E44C80009431E /* Sources */ = {
			isa = PBXSourcesBuildPhase;
			buildActionMask = 2147483647;
			files = (
				76C45293291E44C80009431E /* InRoomLogAppUITests.swift in Sources */,
				76C45295291E44C80009431E /* InRoomLogAppUITestsLaunchTests.swift in Sources */,
			);
			runOnlyForDeploymentPostprocessing = 0;
		};
/* End PBXSourcesBuildPhase section */

/* Begin PBXTargetDependency section */
		76C45286291E44C80009431E /* PBXTargetDependency */ = {
			isa = PBXTargetDependency;
			target = 76C45273291E44C70009431E /* InRoomLogApp */;
			targetProxy = 76C45285291E44C80009431E /* PBXContainerItemProxy */;
		};
		76C45290291E44C80009431E /* PBXTargetDependency */ = {
			isa = PBXTargetDependency;
			target = 76C45273291E44C70009431E /* InRoomLogApp */;
			targetProxy = 76C4528F291E44C80009431E /* PBXContainerItemProxy */;
		};
/* End PBXTargetDependency section */

/* Begin XCBuildConfiguration section */
		76C45296291E44C80009431E /* Debug */ = {
			isa = XCBuildConfiguration;
			buildSettings = {
				ALWAYS_SEARCH_USER_PATHS = NO;
				CLANG_ANALYZER_NONNULL = YES;
				CLANG_ANALYZER_NUMBER_OBJECT_CONVERSION = YES_AGGRESSIVE;
				CLANG_CXX_LANGUAGE_STANDARD = "gnu++17";
				CLANG_ENABLE_MODULES = YES;
				CLANG_ENABLE_OBJC_ARC = YES;
				CLANG_ENABLE_OBJC_WEAK = YES;
				CLANG_WARN_BLOCK_CAPTURE_AUTORELEASING = YES;
				CLANG_WARN_BOOL_CONVERSION = YES;
				CLANG_WARN_COMMA = YES;
				CLANG_WARN_CONSTANT_CONVERSION = YES;
				CLANG_WARN_DEPRECATED_OBJC_IMPLEMENTATIONS = YES;
				CLANG_WARN_DIRECT_OBJC_ISA_USAGE = YES_ERROR;
				CLANG_WARN_DOCUMENTATION_COMMENTS = YES;
				CLANG_WARN_EMPTY_BODY = YES;
				CLANG_WARN_ENUM_CONVERSION = YES;
				CLANG_WARN_INFINITE_RECURSION = YES;
				CLANG_WARN_INT_CONVERSION = YES;
				CLANG_WARN_NON_LITERAL_NULL_CONVERSION = YES;
				CLANG_WARN_OBJC_IMPLICIT_RETAIN_SELF = YES;
				CLANG_WARN_OBJC_LITERAL_CONVERSION = YES;
				CLANG_WARN_OBJC_ROOT_CLASS = YES_ERROR;
				CLANG_WARN_QUOTED_INCLUDE_IN_FRAMEWORK_HEADER = YES;
				CLANG_WARN_RANGE_LOOP_ANALYSIS = YES;
				CLANG_WARN_STRICT_PROTOTYPES = YES;
				CLANG_WARN_SUSPICIOUS_MOVE = YES;
				CLANG_WARN_UNGUARDED_AVAILABILITY = YES_AGGRESSIVE;
				CLANG_WARN_UNREACHABLE_CODE = YES;
				CLANG_WARN__DUPLICATE_METHOD_MATCH = YES;
				COPY_PHASE_STRIP = NO;
				DEBUG_INFORMATION_FORMAT = dwarf;
				ENABLE_STRICT_OBJC_MSGSEND = YES;
				ENABLE_TESTABILITY = YES;
				GCC_C_LANGUAGE_STANDARD = gnu11;
				GCC_DYNAMIC_NO_PIC = NO;
				GCC_NO_COMMON_BLOCKS = YES;
				GCC_OPTIMIZATION_LEVEL = 0;
				GCC_PREPROCESSOR_DEFINITIONS = (
					"DEBUG=1",
					"$(inherited)",
				);
				GCC_WARN_64_TO_32_BIT_CONVERSION = YES;
				GCC_WARN_ABOUT_RETURN_TYPE = YES_ERROR;
				GCC_WARN_UNDECLARED_SELECTOR = YES;
				GCC_WARN_UNINITIALIZED_AUTOS = YES_AGGRESSIVE;
				GCC_WARN_UNUSED_FUNCTION = YES;
				GCC_WARN_UNUSED_VARIABLE = YES;
				IPHONEOS_DEPLOYMENT_TARGET = 15.5;
				MTL_ENABLE_DEBUG_INFO = INCLUDE_SOURCE;
				MTL_FAST_MATH = YES;
				ONLY_ACTIVE_ARCH = YES;
				SDKROOT = iphoneos;
				SWIFT_ACTIVE_COMPILATION_CONDITIONS = DEBUG;
				SWIFT_OPTIMIZATION_LEVEL = "-Onone";
			};
			name = Debug;
		};
		76C45297291E44C80009431E /* Release */ = {
			isa = XCBuildConfiguration;
			buildSettings = {
				ALWAYS_SEARCH_USER_PATHS = NO;
				CLANG_ANALYZER_NONNULL = YES;
				CLANG_ANALYZER_NUMBER_OBJECT_CONVERSION = YES_AGGRESSIVE;
				CLANG_CXX_LANGUAGE_STANDARD = "gnu++17";
				CLANG_ENABLE_MODULES = YES;
				CLANG_ENABLE_OBJC_ARC = YES;
				CLANG_ENABLE_OBJC_WEAK = YES;
				CLANG_WARN_BLOCK_CAPTURE_AUTORELEASING = YES;
				CLANG_WARN_BOOL_CONVERSION = YES;
				CLANG_WARN_COMMA = YES;
				CLANG_WARN_CONSTANT_CONVERSION = YES;
				CLANG_WARN_DEPRECATED_OBJC_IMPLEMENTATIONS = YES;
				CLANG_WARN_DIRECT_OBJC_ISA_USAGE = YES_ERROR;
				CLANG_WARN_DOCUMENTATION_COMMENTS = YES;
				CLANG_WARN_EMPTY_BODY = YES;
				CLANG_WARN_ENUM_CONVERSION = YES;
				CLANG_WARN_INFINITE_RECURSION = YES;
				CLANG_WARN_INT_CONVERSION = YES;
				CLANG_WARN_NON_LITERAL_NULL_CONVERSION = YES;
				CLANG_WARN_OBJC_IMPLICIT_RETAIN_SELF = YES;
				CLANG_WARN_OBJC_LITERAL_CONVERSION = YES;
				CLANG_WARN_OBJC_ROOT_CLASS = YES_ERROR;
				CLANG_WARN_QUOTED_INCLUDE_IN_FRAMEWORK_HEADER = YES;
				CLANG_WARN_RANGE_LOOP_ANALYSIS = YES;
				CLANG_WARN_STRICT_PROTOTYPES = YES;
				CLANG_WARN_SUSPICIOUS_MOVE = YES;
				CLANG_WARN_UNGUARDED_AVAILABILITY = YES_AGGRESSIVE;
				CLANG_WARN_UNREACHABLE_CODE = YES;
				CLANG_WARN__DUPLICATE_METHOD_MATCH = YES;
				COPY_PHASE_STRIP = NO;
				DEBUG_INFORMATION_FORMAT = "dwarf-with-dsym";
				ENABLE_NS_ASSERTIONS = NO;
				ENABLE_STRICT_OBJC_MSGSEND = YES;
				GCC_C_LANGUAGE_STANDARD = gnu11;
				GCC_NO_COMMON_BLOCKS = YES;
				GCC_WARN_64_TO_32_BIT_CONVERSION = YES;
				GCC_WARN_ABOUT_RETURN_TYPE = YES_ERROR;
				GCC_WARN_UNDECLARED_SELECTOR = YES;
				GCC_WARN_UNINITIALIZED_AUTOS = YES_AGGRESSIVE;
				GCC_WARN_UNUSED_FUNCTION = YES;
				GCC_WARN_UNUSED_VARIABLE = YES;
				IPHONEOS_DEPLOYMENT_TARGET = 15.5;
				MTL_ENABLE_DEBUG_INFO = NO;
				MTL_FAST_MATH = YES;
				SDKROOT = iphoneos;
				SWIFT_COMPILATION_MODE = wholemodule;
				SWIFT_OPTIMIZATION_LEVEL = "-O";
				VALIDATE_PRODUCT = YES;
			};
			name = Release;
		};
		76C45299291E44C80009431E /* Debug */ = {
			isa = XCBuildConfiguration;
			buildSettings = {
				ASSETCATALOG_COMPILER_APPICON_NAME = AppIcon;
				ASSETCATALOG_COMPILER_GLOBAL_ACCENT_COLOR_NAME = AccentColor;
				CODE_SIGN_STYLE = Automatic;
				CURRENT_PROJECT_VERSION = 1;
				DEVELOPMENT_ASSET_PATHS = "\"InRoomLogApp/Preview Content\"";
				DEVELOPMENT_TEAM = D6A5KP29BP;
				ENABLE_PREVIEWS = YES;
				GENERATE_INFOPLIST_FILE = YES;
				INFOPLIST_KEY_UIApplicationSceneManifest_Generation = YES;
				INFOPLIST_KEY_UIApplicationSupportsIndirectInputEvents = YES;
				INFOPLIST_KEY_UILaunchScreen_Generation = YES;
				INFOPLIST_KEY_UISupportedInterfaceOrientations_iPad = "UIInterfaceOrientationPortrait UIInterfaceOrientationPortraitUpsideDown UIInterfaceOrientationLandscapeLeft UIInterfaceOrientationLandscapeRight";
				INFOPLIST_KEY_UISupportedInterfaceOrientations_iPhone = "UIInterfaceOrientationPortrait UIInterfaceOrientationLandscapeLeft UIInterfaceOrientationLandscapeRight";
				IPHONEOS_DEPLOYMENT_TARGET = 14.0;
				LD_RUNPATH_SEARCH_PATHS = (
					"$(inherited)",
					"@executable_path/Frameworks",
				);
				MARKETING_VERSION = 1.0;
				PRODUCT_BUNDLE_IDENTIFIER = "com.beowulf-tech.InRoomLogApp";
				PRODUCT_NAME = "$(TARGET_NAME)";
				SWIFT_EMIT_LOC_STRINGS = YES;
				SWIFT_VERSION = 5.0;
				TARGETED_DEVICE_FAMILY = "1,2";
			};
			name = Debug;
		};
		76C4529A291E44C80009431E /* Release */ = {
			isa = XCBuildConfiguration;
			buildSettings = {
				ASSETCATALOG_COMPILER_APPICON_NAME = AppIcon;
				ASSETCATALOG_COMPILER_GLOBAL_ACCENT_COLOR_NAME = AccentColor;
				CODE_SIGN_STYLE = Automatic;
				CURRENT_PROJECT_VERSION = 1;
				DEVELOPMENT_ASSET_PATHS = "\"InRoomLogApp/Preview Content\"";
				DEVELOPMENT_TEAM = D6A5KP29BP;
				ENABLE_PREVIEWS = YES;
				GENERATE_INFOPLIST_FILE = YES;
				INFOPLIST_KEY_UIApplicationSceneManifest_Generation = YES;
				INFOPLIST_KEY_UIApplicationSupportsIndirectInputEvents = YES;
				INFOPLIST_KEY_UILaunchScreen_Generation = YES;
				INFOPLIST_KEY_UISupportedInterfaceOrientations_iPad = "UIInterfaceOrientationPortrait UIInterfaceOrientationPortraitUpsideDown UIInterfaceOrientationLandscapeLeft UIInterfaceOrientationLandscapeRight";
				INFOPLIST_KEY_UISupportedInterfaceOrientations_iPhone = "UIInterfaceOrientationPortrait UIInterfaceOrientationLandscapeLeft UIInterfaceOrientationLandscapeRight";
				IPHONEOS_DEPLOYMENT_TARGET = 14.0;
				LD_RUNPATH_SEARCH_PATHS = (
					"$(inherited)",
					"@executable_path/Frameworks",
				);
				MARKETING_VERSION = 1.0;
				PRODUCT_BUNDLE_IDENTIFIER = "com.beowulf-tech.InRoomLogApp";
				PRODUCT_NAME = "$(TARGET_NAME)";
				SWIFT_EMIT_LOC_STRINGS = YES;
				SWIFT_VERSION = 5.0;
				TARGETED_DEVICE_FAMILY = "1,2";
			};
			name = Release;
		};
		76C4529C291E44C80009431E /* Debug */ = {
			isa = XCBuildConfiguration;
			buildSettings = {
				ALWAYS_EMBED_SWIFT_STANDARD_LIBRARIES = YES;
				BUNDLE_LOADER = "$(TEST_HOST)";
				CODE_SIGN_STYLE = Automatic;
				CURRENT_PROJECT_VERSION = 1;
				DEVELOPMENT_TEAM = D6A5KP29BP;
				GENERATE_INFOPLIST_FILE = YES;
				IPHONEOS_DEPLOYMENT_TARGET = 15.5;
				MARKETING_VERSION = 1.0;
				PRODUCT_BUNDLE_IDENTIFIER = "com.beowulf-tech.InRoomLogAppTests";
				PRODUCT_NAME = "$(TARGET_NAME)";
				SWIFT_EMIT_LOC_STRINGS = NO;
				SWIFT_VERSION = 5.0;
				TARGETED_DEVICE_FAMILY = "1,2";
				TEST_HOST = "$(BUILT_PRODUCTS_DIR)/InRoomLogApp.app/InRoomLogApp";
			};
			name = Debug;
		};
		76C4529D291E44C80009431E /* Release */ = {
			isa = XCBuildConfiguration;
			buildSettings = {
				ALWAYS_EMBED_SWIFT_STANDARD_LIBRARIES = YES;
				BUNDLE_LOADER = "$(TEST_HOST)";
				CODE_SIGN_STYLE = Automatic;
				CURRENT_PROJECT_VERSION = 1;
				DEVELOPMENT_TEAM = D6A5KP29BP;
				GENERATE_INFOPLIST_FILE = YES;
				IPHONEOS_DEPLOYMENT_TARGET = 15.5;
				MARKETING_VERSION = 1.0;
				PRODUCT_BUNDLE_IDENTIFIER = "com.beowulf-tech.InRoomLogAppTests";
				PRODUCT_NAME = "$(TARGET_NAME)";
				SWIFT_EMIT_LOC_STRINGS = NO;
				SWIFT_VERSION = 5.0;
				TARGETED_DEVICE_FAMILY = "1,2";
				TEST_HOST = "$(BUILT_PRODUCTS_DIR)/InRoomLogApp.app/InRoomLogApp";
			};
			name = Release;
		};
		76C4529F291E44C80009431E /* Debug */ = {
			isa = XCBuildConfiguration;
			buildSettings = {
				ALWAYS_EMBED_SWIFT_STANDARD_LIBRARIES = YES;
				CODE_SIGN_STYLE = Automatic;
				CURRENT_PROJECT_VERSION = 1;
				DEVELOPMENT_TEAM = D6A5KP29BP;
				GENERATE_INFOPLIST_FILE = YES;
				MARKETING_VERSION = 1.0;
				PRODUCT_BUNDLE_IDENTIFIER = "com.beowulf-tech.InRoomLogAppUITests";
				PRODUCT_NAME = "$(TARGET_NAME)";
				SWIFT_EMIT_LOC_STRINGS = NO;
				SWIFT_VERSION = 5.0;
				TARGETED_DEVICE_FAMILY = "1,2";
				TEST_TARGET_NAME = InRoomLogApp;
			};
			name = Debug;
		};
		76C452A0291E44C80009431E /* Release */ = {
			isa = XCBuildConfiguration;
			buildSettings = {
				ALWAYS_EMBED_SWIFT_STANDARD_LIBRARIES = YES;
				CODE_SIGN_STYLE = Automatic;
				CURRENT_PROJECT_VERSION = 1;
				DEVELOPMENT_TEAM = D6A5KP29BP;
				GENERATE_INFOPLIST_FILE = YES;
				MARKETING_VERSION = 1.0;
				PRODUCT_BUNDLE_IDENTIFIER = "com.beowulf-tech.InRoomLogAppUITests";
				PRODUCT_NAME = "$(TARGET_NAME)";
				SWIFT_EMIT_LOC_STRINGS = NO;
				SWIFT_VERSION = 5.0;
				TARGETED_DEVICE_FAMILY = "1,2";
				TEST_TARGET_NAME = InRoomLogApp;
			};
			name = Release;
		};
/* End XCBuildConfiguration section */

/* Begin XCConfigurationList section */
		76C4526F291E44C70009431E /* Build configuration list for PBXProject "InRoomLogApp" */ = {
			isa = XCConfigurationList;
			buildConfigurations = (
				76C45296291E44C80009431E /* Debug */,
				76C45297291E44C80009431E /* Release */,
			);
			defaultConfigurationIsVisible = 0;
			defaultConfigurationName = Release;
		};
		76C45298291E44C80009431E /* Build configuration list for PBXNativeTarget "InRoomLogApp" */ = {
			isa = XCConfigurationList;
			buildConfigurations = (
				76C45299291E44C80009431E /* Debug */,
				76C4529A291E44C80009431E /* Release */,
			);
			defaultConfigurationIsVisible = 0;
			defaultConfigurationName = Release;
		};
		76C4529B291E44C80009431E /* Build configuration list for PBXNativeTarget "InRoomLogAppTests" */ = {
			isa = XCConfigurationList;
			buildConfigurations = (
				76C4529C291E44C80009431E /* Debug */,
				76C4529D291E44C80009431E /* Release */,
			);
			defaultConfigurationIsVisible = 0;
			defaultConfigurationName = Release;
		};
		76C4529E291E44C80009431E /* Build configuration list for PBXNativeTarget "InRoomLogAppUITests" */ = {
			isa = XCConfigurationList;
			buildConfigurations = (
				76C4529F291E44C80009431E /* Debug */,
				76C452A0291E44C80009431E /* Release */,
			);
			defaultConfigurationIsVisible = 0;
			defaultConfigurationName = Release;
		};
/* End XCConfigurationList section */

/* Begin XCRemoteSwiftPackageReference section */
		76C452A3291E45320009431E /* XCRemoteSwiftPackageReference "InRoomLogger" */ = {
			isa = XCRemoteSwiftPackageReference;
			repositoryURL = "https://github.com/BlueEventHorizon/InRoomLogger";
			requirement = {
				kind = upToNextMajorVersion;
				minimumVersion = 0.0.1;
			};
		};
/* End XCRemoteSwiftPackageReference section */

/* Begin XCSwiftPackageProductDependency section */
		76C452A4291E45320009431E /* InRoomLogger */ = {
			isa = XCSwiftPackageProductDependency;
			package = 76C452A3291E45320009431E /* XCRemoteSwiftPackageReference "InRoomLogger" */;
			productName = InRoomLogger;
		};
/* End XCSwiftPackageProductDependency section */
	};
	rootObject = 76C4526C291E44C70009431E /* Project object */;
}
